// !$*UTF8*$!
{
	archiveVersion = 1;
	classes = {
	};
	objectVersion = 56;
	objects = {

/* Begin PBXBuildFile section */
		22BDF41A3DB075D22F499F55 /* SpendDropApp.swift in App Sources */ = {isa = PBXBuildFile; fileRef = 7DDDB306C2B425FE70045C5D /* SpendDropApp.swift */; };
		9CF780B2F77FE43116520463 /* Expense.swift in App Sources */ = {isa = PBXBuildFile; fileRef = 02C115D71FAF7D1369671551 /* Expense.swift */; };
		6C42E0F36B29A5D9852B1725 /* ExpenseCategory.swift in App Sources */ = {isa = PBXBuildFile; fileRef = 3EF4246226F4F0BB2752F189 /* ExpenseCategory.swift */; };
		5C3748208FEF6E557E21811F /* PaymentSource.swift in App Sources */ = {isa = PBXBuildFile; fileRef = 97CE55DD36ED7364B5B6FE25 /* PaymentSource.swift */; };
		82AD1E8452503FF49C400A59 /* ExpenseSourceType.swift in App Sources */ = {isa = PBXBuildFile; fileRef = 97FB3251BCFB2155C4B11241 /* ExpenseSourceType.swift */; };
		10CC5BB0460A464469361E99 /* PayBookContact.swift in App Sources */ = {isa = PBXBuildFile; fileRef = 953B784AF7D5D005C3870F6B /* PayBookContact.swift */; };
		46DBC0F397CC9FDA1E67DB8C /* ExpenseDataContainer.swift in App Sources */ = {isa = PBXBuildFile; fileRef = 89F4C17BD660E6B831C0741B /* ExpenseDataContainer.swift */; };
		CF76E2BA6E09C2014E6BB835 /* DuplicateDetector.swift in App Sources */ = {isa = PBXBuildFile; fileRef = C192E8BA6DFD56B51CB32A67 /* DuplicateDetector.swift */; };
		8E83F3D92D59FF9E4CDBA232 /* SampleData.swift in App Sources */ = {isa = PBXBuildFile; fileRef = 4527D81C4D2FA9A849BBCE99 /* SampleData.swift */; };
		799CE026A521B753A42F80C9 /* CurrencyFormatter.swift in App Sources */ = {isa = PBXBuildFile; fileRef = FE1BACF64503C1BEC388E72D /* CurrencyFormatter.swift */; };
		715D69971333EDD47DF8C840 /* HapticFeedback.swift in App Sources */ = {isa = PBXBuildFile; fileRef = 0E5BBB0A88C5EED87C9C57C1 /* HapticFeedback.swift */; };
		A55B47B50A18F9E08B35CE46 /* OCRService.swift in App Sources */ = {isa = PBXBuildFile; fileRef = 2CF751DD42F2ACBC08758673 /* OCRService.swift */; };
		1281E0AA270AC37E86E98DFB /* ParsedTransaction.swift in App Sources */ = {isa = PBXBuildFile; fileRef = 547282A88C0A93D5FA41EA0E /* ParsedTransaction.swift */; };
		B3925D9F8035AE4F518C14C4 /* MonetaryCandidate.swift in App Sources */ = {isa = PBXBuildFile; fileRef = 75A44A2CE442E6BE75014C3B /* MonetaryCandidate.swift */; };
		4F6C8047DA3CEA5EF812609A /* PaymentProviderDetector.swift in App Sources */ = {isa = PBXBuildFile; fileRef = 96B8A15C3CF09858CD961E11 /* PaymentProviderDetector.swift */; };
		B79450C7A71B4E9B2340A0BB /* MerchantDetector.swift in App Sources */ = {isa = PBXBuildFile; fileRef = 233C6CA4C0D1974B5DF935D6 /* MerchantDetector.swift */; };
		229C3705E0C61F07A72B2404 /* CategoryDetector.swift in App Sources */ = {isa = PBXBuildFile; fileRef = 5E2597CAB1343D56B914087B /* CategoryDetector.swift */; };
		1E145115EA32EB2B161D23CC /* TransactionParser.swift in App Sources */ = {isa = PBXBuildFile; fileRef = 93CC5DC469E15219CD827290 /* TransactionParser.swift */; };
		1816B4020A301301969231F6 /* ImageStorageService.swift in App Sources */ = {isa = PBXBuildFile; fileRef = 52086C677C69904E38C77AB7 /* ImageStorageService.swift */; };
		A3012818D6ACF06252DF9867 /* ImagePipelineDiagnostics.swift in App Sources */ = {isa = PBXBuildFile; fileRef = D0889EE11C4769AD39E4983B /* ImagePipelineDiagnostics.swift */; };
		A6350D99567863B58ACB080C /* TransactionParserTests.swift in App Sources */ = {isa = PBXBuildFile; fileRef = AC019B7BF2DED61992E2FD40 /* TransactionParserTests.swift */; };
		C32EFE9197204D62D7702877 /* MainTabView.swift in App Sources */ = {isa = PBXBuildFile; fileRef = 318B138603A3B23BEF35FF65 /* MainTabView.swift */; };
		E4189B9656034198A10758E1 /* DashboardView.swift in App Sources */ = {isa = PBXBuildFile; fileRef = 366927168FEFD0A7835F5C79 /* DashboardView.swift */; };
		BEB1599411C63B092C9CC218 /* SpendingSummaryCard.swift in App Sources */ = {isa = PBXBuildFile; fileRef = 07A0CF42B0860952B7A633F5 /* SpendingSummaryCard.swift */; };
		3974FA14A6A60A013AA2091C /* QuickCashButton.swift in App Sources */ = {isa = PBXBuildFile; fileRef = FA040FE354F0E1453EE2B75A /* QuickCashButton.swift */; };
		F08FE2C998E0150DB0F6C7DC /* ExpensesView.swift in App Sources */ = {isa = PBXBuildFile; fileRef = 68A8F59BD084D6AAA6DC0183 /* ExpensesView.swift */; };
		5E5E9A62B18EF38CF814599D /* ExpenseDetailView.swift in App Sources */ = {isa = PBXBuildFile; fileRef = EB056C93142DC2160C4A5358 /* ExpenseDetailView.swift */; };
		D9DF4CFAE967E11C7BC78F41 /* EditExpenseView.swift in App Sources */ = {isa = PBXBuildFile; fileRef = 4D12EF8F3E28FE491C9CB770 /* EditExpenseView.swift */; };
		F8649A86B7B2C027D5E6F929 /* ExpenseRowView.swift in App Sources */ = {isa = PBXBuildFile; fileRef = D5ACB239C14653CEDDB3BD0D /* ExpenseRowView.swift */; };
		E8DA47D3614B026A10AC3D29 /* PaymentLogoView.swift in App Sources */ = {isa = PBXBuildFile; fileRef = F8376B663C01D1BE012CC264 /* PaymentLogoView.swift */; };
		7D69FA05BF345407EC3DAEA1 /* FilterBarView.swift in App Sources */ = {isa = PBXBuildFile; fileRef = 2DF49081B7285C1C1E3D40B2 /* FilterBarView.swift */; };
		2507BAD03781692C063DE8AE /* PayBookView.swift in App Sources */ = {isa = PBXBuildFile; fileRef = 62F37B080B53950BD324A1D2 /* PayBookView.swift */; };
		8961F696DFAB7D1FEC2B4C83 /* PayBookDetailView.swift in App Sources */ = {isa = PBXBuildFile; fileRef = C91C0D9F17E6AE93E63BD8AB /* PayBookDetailView.swift */; };
		8188B9686F2B2B1D1182067B /* AddPayBookContactView.swift in App Sources */ = {isa = PBXBuildFile; fileRef = 73FD9F232B87A50295006510 /* AddPayBookContactView.swift */; };
		976ADF077AAD0ADDE2A91397 /* EditPayBookContactView.swift in App Sources */ = {isa = PBXBuildFile; fileRef = CCF18B8AED06F15DA3BAAC92 /* EditPayBookContactView.swift */; };
		DB6484227A2BE154B6DDDB31 /* AddExpenseView.swift in App Sources */ = {isa = PBXBuildFile; fileRef = D0500444BD8E36ACA561A7E6 /* AddExpenseView.swift */; };
		0F0F6E8CFADB99C31789D25D /* ExpenseReviewView.swift in App Sources */ = {isa = PBXBuildFile; fileRef = 26BB5F309361AA9377E73D89 /* ExpenseReviewView.swift */; };
		8774554499BD29753B0C4C99 /* AnalyticsView.swift in App Sources */ = {isa = PBXBuildFile; fileRef = 279B4F064A77A5CDC78840CD /* AnalyticsView.swift */; };
		D42FBBAA6397090DB147ABAC /* SettingsView.swift in App Sources */ = {isa = PBXBuildFile; fileRef = BFC47BA2F7D5918598543E90 /* SettingsView.swift */; };
		3531E449A51427F36207892A /* ParserSelfTestView.swift in App Sources */ = {isa = PBXBuildFile; fileRef = B3F1A127BEF37DE09CDCD143 /* ParserSelfTestView.swift */; };
		D959E54F32F61BAB5144E82B /* Assets.xcassets in App Resources */ = {isa = PBXBuildFile; fileRef = 23468BA13E5F0C8D819D4609 /* Assets.xcassets */; };
		C098A48AC2D268EED99B6CB0 /* sample_screenshot.png in App Resources */ = {isa = PBXBuildFile; fileRef = 2C1DB4169CD92C11B88141D9 /* sample_screenshot.png */; };
		15FAEE08D02B15828A3D22FC /* sample_photo.jpg in App Resources */ = {isa = PBXBuildFile; fileRef = D3863D8025885E60989C9A13 /* sample_photo.jpg */; };
		3F0E6E201CCFC84DD3314A84 /* sample_camera.heic in App Resources */ = {isa = PBXBuildFile; fileRef = 720EA38C1ADD1BDADF063A22 /* sample_camera.heic */; };
		E6DFE3663CD88EE84D4B5BCD /* ShareViewController.swift in Share Sources */ = {isa = PBXBuildFile; fileRef = 78529101E816EE614611BBC7 /* ShareViewController.swift */; };
		97E4728840ECD466340D7351 /* ShareExtensionView.swift in Share Sources */ = {isa = PBXBuildFile; fileRef = AEC37CA6708881FE3A47B1DF /* ShareExtensionView.swift */; };
		9BDC8C17009D1867D944D1A1 /* Expense.swift in Share Sources */ = {isa = PBXBuildFile; fileRef = 02C115D71FAF7D1369671551 /* Expense.swift */; };
		E9C92309851EA4225CC3C3D8 /* ExpenseCategory.swift in Share Sources */ = {isa = PBXBuildFile; fileRef = 3EF4246226F4F0BB2752F189 /* ExpenseCategory.swift */; };
		371FAD201DDCCE7ED8C94F16 /* PaymentSource.swift in Share Sources */ = {isa = PBXBuildFile; fileRef = 97CE55DD36ED7364B5B6FE25 /* PaymentSource.swift */; };
		06A069F9D647AC9F5CA75C6B /* ExpenseSourceType.swift in Share Sources */ = {isa = PBXBuildFile; fileRef = 97FB3251BCFB2155C4B11241 /* ExpenseSourceType.swift */; };
		8890ADE7D179F3A69D74C830 /* PayBookContact.swift in Share Sources */ = {isa = PBXBuildFile; fileRef = 953B784AF7D5D005C3870F6B /* PayBookContact.swift */; };
		73BFC60533C11C57BE3E27A0 /* ExpenseDataContainer.swift in Share Sources */ = {isa = PBXBuildFile; fileRef = 89F4C17BD660E6B831C0741B /* ExpenseDataContainer.swift */; };
		5AC5B9E911723A15E475A262 /* DuplicateDetector.swift in Share Sources */ = {isa = PBXBuildFile; fileRef = C192E8BA6DFD56B51CB32A67 /* DuplicateDetector.swift */; };
		CF5D482EA48C9B722350FCE9 /* SampleData.swift in Share Sources */ = {isa = PBXBuildFile; fileRef = 4527D81C4D2FA9A849BBCE99 /* SampleData.swift */; };
		D835E77DCBB5C6628A1A16FE /* OCRService.swift in Share Sources */ = {isa = PBXBuildFile; fileRef = 2CF751DD42F2ACBC08758673 /* OCRService.swift */; };
		D316D8CAA3BBA50C4BD62752 /* ParsedTransaction.swift in Share Sources */ = {isa = PBXBuildFile; fileRef = 547282A88C0A93D5FA41EA0E /* ParsedTransaction.swift */; };
		F014D8EBD787B415AF98B6CC /* MonetaryCandidate.swift in Share Sources */ = {isa = PBXBuildFile; fileRef = 75A44A2CE442E6BE75014C3B /* MonetaryCandidate.swift */; };
		90544AD21E26EA512833E997 /* PaymentProviderDetector.swift in Share Sources */ = {isa = PBXBuildFile; fileRef = 96B8A15C3CF09858CD961E11 /* PaymentProviderDetector.swift */; };
		3A454E93285C871AE0BA1918 /* MerchantDetector.swift in Share Sources */ = {isa = PBXBuildFile; fileRef = 233C6CA4C0D1974B5DF935D6 /* MerchantDetector.swift */; };
		626DE956576BEA481759D38F /* CategoryDetector.swift in Share Sources */ = {isa = PBXBuildFile; fileRef = 5E2597CAB1343D56B914087B /* CategoryDetector.swift */; };
		3B7DA0A18CDD2AF103A93235 /* TransactionParser.swift in Share Sources */ = {isa = PBXBuildFile; fileRef = 93CC5DC469E15219CD827290 /* TransactionParser.swift */; };
		520FB3F08163507909DBCA6A /* ImageStorageService.swift in Share Sources */ = {isa = PBXBuildFile; fileRef = 52086C677C69904E38C77AB7 /* ImageStorageService.swift */; };
		06CD1E41CC606161EA989C84 /* CurrencyFormatter.swift in Share Sources */ = {isa = PBXBuildFile; fileRef = FE1BACF64503C1BEC388E72D /* CurrencyFormatter.swift */; };
		369871802E8A446000D904DA /* HapticFeedback.swift in Share Sources */ = {isa = PBXBuildFile; fileRef = 0E5BBB0A88C5EED87C9C57C1 /* HapticFeedback.swift */; };
		CBBBFE74ACF280987A3E2E09 /* SpendDropShare.appex in Embed Foundation Extensions */ = {isa = PBXBuildFile; fileRef = BDCA0D2DCB39F3954822C7B6 /* SpendDropShare.appex */; settings = {ATTRIBUTES = (RemoveHeadersOnCopy, ); }; };
/* End PBXBuildFile section */

/* Begin PBXContainerItemProxy section */
		6A6A5EC8733C7795711CFC01 /* PBXContainerItemProxy */ = {
			isa = PBXContainerItemProxy;
			containerPortal = 13B17D71E4C3E7CD16ADABA5 /* Project object */;
			proxyType = 1;
			remoteGlobalIDString = 5F5AF86C079BFD0479C079F0;
			remoteInfo = SpendDropShare;
		};
/* End PBXContainerItemProxy section */

/* Begin PBXCopyFilesBuildPhase section */
		F5016891FD085E3AA5E83179 /* Embed Foundation Extensions */ = {
			isa = PBXCopyFilesBuildPhase;
			buildActionMask = 2147483647;
			dstPath = "";
			dstSubfolderSpec = 13;
			files = (
				CBBBFE74ACF280987A3E2E09 /* SpendDropShare.appex in Embed Foundation Extensions */,
			);
			name = "Embed Foundation Extensions";
			runOnlyForDeploymentPostprocessing = 0;
		};
/* End PBXCopyFilesBuildPhase section */

/* Begin PBXFileReference section */
		F90F5F91183CC3DCB64EDD67 /* SpendDrop.app */ = {isa = PBXFileReference; explicitFileType = wrapper.application; includeInIndex = 0; path = SpendDrop.app; sourceTree = BUILT_PRODUCTS_DIR; };
		BDCA0D2DCB39F3954822C7B6 /* SpendDropShare.appex */ = {isa = PBXFileReference; explicitFileType = "wrapper.app-extension"; includeInIndex = 0; path = SpendDropShare.appex; sourceTree = BUILT_PRODUCTS_DIR; };
		7DDDB306C2B425FE70045C5D /* SpendDropApp.swift */ = {isa = PBXFileReference; lastKnownFileType = sourcecode.swift; path = "SpendDropApp.swift"; sourceTree = "<group>"; };
		02C115D71FAF7D1369671551 /* Expense.swift */ = {isa = PBXFileReference; lastKnownFileType = sourcecode.swift; path = "Expense.swift"; sourceTree = "<group>"; };
		3EF4246226F4F0BB2752F189 /* ExpenseCategory.swift */ = {isa = PBXFileReference; lastKnownFileType = sourcecode.swift; path = "ExpenseCategory.swift"; sourceTree = "<group>"; };
		97CE55DD36ED7364B5B6FE25 /* PaymentSource.swift */ = {isa = PBXFileReference; lastKnownFileType = sourcecode.swift; path = "PaymentSource.swift"; sourceTree = "<group>"; };
		97FB3251BCFB2155C4B11241 /* ExpenseSourceType.swift */ = {isa = PBXFileReference; lastKnownFileType = sourcecode.swift; path = "ExpenseSourceType.swift"; sourceTree = "<group>"; };
		953B784AF7D5D005C3870F6B /* PayBookContact.swift */ = {isa = PBXFileReference; lastKnownFileType = sourcecode.swift; path = "PayBookContact.swift"; sourceTree = "<group>"; };
		89F4C17BD660E6B831C0741B /* ExpenseDataContainer.swift */ = {isa = PBXFileReference; lastKnownFileType = sourcecode.swift; path = "ExpenseDataContainer.swift"; sourceTree = "<group>"; };
		C192E8BA6DFD56B51CB32A67 /* DuplicateDetector.swift */ = {isa = PBXFileReference; lastKnownFileType = sourcecode.swift; path = "DuplicateDetector.swift"; sourceTree = "<group>"; };
		4527D81C4D2FA9A849BBCE99 /* SampleData.swift */ = {isa = PBXFileReference; lastKnownFileType = sourcecode.swift; path = "SampleData.swift"; sourceTree = "<group>"; };
		FE1BACF64503C1BEC388E72D /* CurrencyFormatter.swift */ = {isa = PBXFileReference; lastKnownFileType = sourcecode.swift; path = "CurrencyFormatter.swift"; sourceTree = "<group>"; };
		0E5BBB0A88C5EED87C9C57C1 /* HapticFeedback.swift */ = {isa = PBXFileReference; lastKnownFileType = sourcecode.swift; path = "HapticFeedback.swift"; sourceTree = "<group>"; };
		2CF751DD42F2ACBC08758673 /* OCRService.swift */ = {isa = PBXFileReference; lastKnownFileType = sourcecode.swift; path = "OCRService.swift"; sourceTree = "<group>"; };
		547282A88C0A93D5FA41EA0E /* ParsedTransaction.swift */ = {isa = PBXFileReference; lastKnownFileType = sourcecode.swift; path = "ParsedTransaction.swift"; sourceTree = "<group>"; };
		75A44A2CE442E6BE75014C3B /* MonetaryCandidate.swift */ = {isa = PBXFileReference; lastKnownFileType = sourcecode.swift; path = "MonetaryCandidate.swift"; sourceTree = "<group>"; };
		96B8A15C3CF09858CD961E11 /* PaymentProviderDetector.swift */ = {isa = PBXFileReference; lastKnownFileType = sourcecode.swift; path = "PaymentProviderDetector.swift"; sourceTree = "<group>"; };
		233C6CA4C0D1974B5DF935D6 /* MerchantDetector.swift */ = {isa = PBXFileReference; lastKnownFileType = sourcecode.swift; path = "MerchantDetector.swift"; sourceTree = "<group>"; };
		5E2597CAB1343D56B914087B /* CategoryDetector.swift */ = {isa = PBXFileReference; lastKnownFileType = sourcecode.swift; path = "CategoryDetector.swift"; sourceTree = "<group>"; };
		93CC5DC469E15219CD827290 /* TransactionParser.swift */ = {isa = PBXFileReference; lastKnownFileType = sourcecode.swift; path = "TransactionParser.swift"; sourceTree = "<group>"; };
		52086C677C69904E38C77AB7 /* ImageStorageService.swift */ = {isa = PBXFileReference; lastKnownFileType = sourcecode.swift; path = "ImageStorageService.swift"; sourceTree = "<group>"; };
		D0889EE11C4769AD39E4983B /* ImagePipelineDiagnostics.swift */ = {isa = PBXFileReference; lastKnownFileType = sourcecode.swift; path = "ImagePipelineDiagnostics.swift"; sourceTree = "<group>"; };
		AC019B7BF2DED61992E2FD40 /* TransactionParserTests.swift */ = {isa = PBXFileReference; lastKnownFileType = sourcecode.swift; path = "TransactionParserTests.swift"; sourceTree = "<group>"; };
		318B138603A3B23BEF35FF65 /* MainTabView.swift */ = {isa = PBXFileReference; lastKnownFileType = sourcecode.swift; path = "MainTabView.swift"; sourceTree = "<group>"; };
		366927168FEFD0A7835F5C79 /* DashboardView.swift */ = {isa = PBXFileReference; lastKnownFileType = sourcecode.swift; path = "DashboardView.swift"; sourceTree = "<group>"; };
		07A0CF42B0860952B7A633F5 /* SpendingSummaryCard.swift */ = {isa = PBXFileReference; lastKnownFileType = sourcecode.swift; path = "SpendingSummaryCard.swift"; sourceTree = "<group>"; };
		FA040FE354F0E1453EE2B75A /* QuickCashButton.swift */ = {isa = PBXFileReference; lastKnownFileType = sourcecode.swift; path = "QuickCashButton.swift"; sourceTree = "<group>"; };
		68A8F59BD084D6AAA6DC0183 /* ExpensesView.swift */ = {isa = PBXFileReference; lastKnownFileType = sourcecode.swift; path = "ExpensesView.swift"; sourceTree = "<group>"; };
		EB056C93142DC2160C4A5358 /* ExpenseDetailView.swift */ = {isa = PBXFileReference; lastKnownFileType = sourcecode.swift; path = "ExpenseDetailView.swift"; sourceTree = "<group>"; };
		4D12EF8F3E28FE491C9CB770 /* EditExpenseView.swift */ = {isa = PBXFileReference; lastKnownFileType = sourcecode.swift; path = "EditExpenseView.swift"; sourceTree = "<group>"; };
		D5ACB239C14653CEDDB3BD0D /* ExpenseRowView.swift */ = {isa = PBXFileReference; lastKnownFileType = sourcecode.swift; path = "ExpenseRowView.swift"; sourceTree = "<group>"; };
		F8376B663C01D1BE012CC264 /* PaymentLogoView.swift */ = {isa = PBXFileReference; lastKnownFileType = sourcecode.swift; path = "PaymentLogoView.swift"; sourceTree = "<group>"; };
		2DF49081B7285C1C1E3D40B2 /* FilterBarView.swift */ = {isa = PBXFileReference; lastKnownFileType = sourcecode.swift; path = "FilterBarView.swift"; sourceTree = "<group>"; };
		62F37B080B53950BD324A1D2 /* PayBookView.swift */ = {isa = PBXFileReference; lastKnownFileType = sourcecode.swift; path = "PayBookView.swift"; sourceTree = "<group>"; };
		C91C0D9F17E6AE93E63BD8AB /* PayBookDetailView.swift */ = {isa = PBXFileReference; lastKnownFileType = sourcecode.swift; path = "PayBookDetailView.swift"; sourceTree = "<group>"; };
		73FD9F232B87A50295006510 /* AddPayBookContactView.swift */ = {isa = PBXFileReference; lastKnownFileType = sourcecode.swift; path = "AddPayBookContactView.swift"; sourceTree = "<group>"; };
		CCF18B8AED06F15DA3BAAC92 /* EditPayBookContactView.swift */ = {isa = PBXFileReference; lastKnownFileType = sourcecode.swift; path = "EditPayBookContactView.swift"; sourceTree = "<group>"; };
		D0500444BD8E36ACA561A7E6 /* AddExpenseView.swift */ = {isa = PBXFileReference; lastKnownFileType = sourcecode.swift; path = "AddExpenseView.swift"; sourceTree = "<group>"; };
		26BB5F309361AA9377E73D89 /* ExpenseReviewView.swift */ = {isa = PBXFileReference; lastKnownFileType = sourcecode.swift; path = "ExpenseReviewView.swift"; sourceTree = "<group>"; };
		279B4F064A77A5CDC78840CD /* AnalyticsView.swift */ = {isa = PBXFileReference; lastKnownFileType = sourcecode.swift; path = "AnalyticsView.swift"; sourceTree = "<group>"; };
		BFC47BA2F7D5918598543E90 /* SettingsView.swift */ = {isa = PBXFileReference; lastKnownFileType = sourcecode.swift; path = "SettingsView.swift"; sourceTree = "<group>"; };
		B3F1A127BEF37DE09CDCD143 /* ParserSelfTestView.swift */ = {isa = PBXFileReference; lastKnownFileType = sourcecode.swift; path = "ParserSelfTestView.swift"; sourceTree = "<group>"; };
		78529101E816EE614611BBC7 /* ShareViewController.swift */ = {isa = PBXFileReference; lastKnownFileType = sourcecode.swift; path = "ShareViewController.swift"; sourceTree = "<group>"; };
		AEC37CA6708881FE3A47B1DF /* ShareExtensionView.swift */ = {isa = PBXFileReference; lastKnownFileType = sourcecode.swift; path = "ShareExtensionView.swift"; sourceTree = "<group>"; };
		C05CB55554D1339B8441125D /* Info.plist */ = {isa = PBXFileReference; lastKnownFileType = text.plist.xml; path = "Info.plist"; sourceTree = "<group>"; };
		073726ACF7CE54BBA3881C00 /* ShareExtension.entitlements */ = {isa = PBXFileReference; lastKnownFileType = text.plist.entitlements; path = "ShareExtension.entitlements"; sourceTree = "<group>"; };
		23468BA13E5F0C8D819D4609 /* Assets.xcassets */ = {isa = PBXFileReference; lastKnownFileType = folder.assetcatalog; path = "Assets.xcassets"; sourceTree = "<group>"; };
		7726428EDC941907FC865B24 /* Info.plist */ = {isa = PBXFileReference; lastKnownFileType = text.plist.xml; path = "Info.plist"; sourceTree = "<group>"; };
		996D83AD64600BCBA1FBC1C9 /* SpendDrop.entitlements */ = {isa = PBXFileReference; lastKnownFileType = text.plist.entitlements; path = "SpendDrop.entitlements"; sourceTree = "<group>"; };
		2C1DB4169CD92C11B88141D9 /* sample_screenshot.png */ = {isa = PBXFileReference; lastKnownFileType = image.png; path = "sample_screenshot.png"; sourceTree = "<group>"; };
		D3863D8025885E60989C9A13 /* sample_photo.jpg */ = {isa = PBXFileReference; lastKnownFileType = image.jpeg; path = "sample_photo.jpg"; sourceTree = "<group>"; };
		720EA38C1ADD1BDADF063A22 /* sample_camera.heic */ = {isa = PBXFileReference; lastKnownFileType = image.heic; path = "sample_camera.heic"; sourceTree = "<group>"; };
/* End PBXFileReference section */

/* Begin PBXFrameworksBuildPhase section */
		4FADB9A5490C9A67C9B1C9D3 /* Frameworks */ = {
			isa = PBXFrameworksBuildPhase;
			buildActionMask = 2147483647;
			files = (
			);
			runOnlyForDeploymentPostprocessing = 0;
		};
		BE24D65ED6819A95ED0CB0C9 /* Frameworks */ = {
			isa = PBXFrameworksBuildPhase;
			buildActionMask = 2147483647;
			files = (
			);
			runOnlyForDeploymentPostprocessing = 0;
		};
/* End PBXFrameworksBuildPhase section */

/* Begin PBXGroup section */
		174153C611390E7C4DE1B9C9 = {
			isa = PBXGroup;
			children = (
				07A0CF42B0860952B7A633F5,
				FA040FE354F0E1453EE2B75A,
			);
			name = "Components";
			path = "Components";
			sourceTree = "<group>";
		};
		A5BFE17C4DF215A243F18FB1 = {
			isa = PBXGroup;
			children = (
				D5ACB239C14653CEDDB3BD0D,
				F8376B663C01D1BE012CC264,
				2DF49081B7285C1C1E3D40B2,
			);
			name = "Components";
			path = "Components";
			sourceTree = "<group>";
		};
		4407B3FD5F2510EF77F395D7 = {
			isa = PBXGroup;
			children = (
				B3F1A127BEF37DE09CDCD143,
			);
			name = "Components";
			path = "Components";
			sourceTree = "<group>";
		};
		0A0593D92C769872C2602B42 = {
			isa = PBXGroup;
			children = (
				174153C611390E7C4DE1B9C9,
				366927168FEFD0A7835F5C79,
			);
			name = "Dashboard";
			path = "Dashboard";
			sourceTree = "<group>";
		};
		7EBF011EC69EC959BA349BE9 = {
			isa = PBXGroup;
			children = (
				A5BFE17C4DF215A243F18FB1,
				68A8F59BD084D6AAA6DC0183,
				EB056C93142DC2160C4A5358,
				4D12EF8F3E28FE491C9CB770,
			);
			name = "Expenses";
			path = "Expenses";
			sourceTree = "<group>";
		};
		2A41649C6FC8F43130618C1F = {
			isa = PBXGroup;
			children = (
				D0500444BD8E36ACA561A7E6,
			);
			name = "AddExpense";
			path = "AddExpense";
			sourceTree = "<group>";
		};
		F91E78D2B03AD4E33A0C942D = {
			isa = PBXGroup;
			children = (
				26BB5F309361AA9377E73D89,
			);
			name = "Review";
			path = "Review";
			sourceTree = "<group>";
		};
		70E699EAFD9D666951820495 = {
			isa = PBXGroup;
			children = (
				279B4F064A77A5CDC78840CD,
			);
			name = "Analytics";
			path = "Analytics";
			sourceTree = "<group>";
		};
		CB7A6BAC98AA09F093ED334A = {
			isa = PBXGroup;
			children = (
				4407B3FD5F2510EF77F395D7,
				BFC47BA2F7D5918598543E90,
			);
			name = "Settings";
			path = "Settings";
			sourceTree = "<group>";
		};
		999C7906739C70131C9702D3 = {
			isa = PBXGroup;
			children = (
				62F37B080B53950BD324A1D2,
				C91C0D9F17E6AE93E63BD8AB,
				73FD9F232B87A50295006510,
				CCF18B8AED06F15DA3BAAC92,
			);
			name = "PayBook";
			path = "PayBook";
			sourceTree = "<group>";
		};
		F3E5B61ACB3D942D0C643D2C = {
			isa = PBXGroup;
			children = (
				0A0593D92C769872C2602B42,
				7EBF011EC69EC959BA349BE9,
				999C7906739C70131C9702D3,
				2A41649C6FC8F43130618C1F,
				F91E78D2B03AD4E33A0C942D,
				70E699EAFD9D666951820495,
				CB7A6BAC98AA09F093ED334A,
				318B138603A3B23BEF35FF65,
			);
			name = "Views";
			path = "Views";
			sourceTree = "<group>";
		};
		CF049B4DA12539E04F69AC78 = {
			isa = PBXGroup;
			children = (
				2CF751DD42F2ACBC08758673,
				547282A88C0A93D5FA41EA0E,
				75A44A2CE442E6BE75014C3B,
				96B8A15C3CF09858CD961E11,
				233C6CA4C0D1974B5DF935D6,
				5E2597CAB1343D56B914087B,
				93CC5DC469E15219CD827290,
				52086C677C69904E38C77AB7,
				D0889EE11C4769AD39E4983B,
				AC019B7BF2DED61992E2FD40,
			);
			name = "OCR";
			path = "OCR";
			sourceTree = "<group>";
		};
		073CC5FBB52E5462EC8A6EFA = {
			isa = PBXGroup;
			children = (
				7DDDB306C2B425FE70045C5D,
			);
			name = "App";
			path = "App";
			sourceTree = "<group>";
		};
		3F7FC70FD57E951A9D0C4219 = {
			isa = PBXGroup;
			children = (
				02C115D71FAF7D1369671551,
				3EF4246226F4F0BB2752F189,
				97CE55DD36ED7364B5B6FE25,
				97FB3251BCFB2155C4B11241,
				953B784AF7D5D005C3870F6B,
			);
			name = "Models";
			path = "Models";
			sourceTree = "<group>";
		};
		782F633D9016F8C323B526E3 = {
			isa = PBXGroup;
			children = (
				89F4C17BD660E6B831C0741B,
				C192E8BA6DFD56B51CB32A67,
				4527D81C4D2FA9A849BBCE99,
			);
			name = "Data";
			path = "Data";
			sourceTree = "<group>";
		};
		7FBF767C08832F5CF0E1535F = {
			isa = PBXGroup;
			children = (
				FE1BACF64503C1BEC388E72D,
				0E5BBB0A88C5EED87C9C57C1,
			);
			name = "Utils";
			path = "Utils";
			sourceTree = "<group>";
		};
		578BDDC9627BC9A02BE7B385 = {
			isa = PBXGroup;
			children = (
				2C1DB4169CD92C11B88141D9,
				D3863D8025885E60989C9A13,
				720EA38C1ADD1BDADF063A22,
			);
			name = "DiagnosticSamples";
			path = "DiagnosticSamples";
			sourceTree = "<group>";
		};
		40B9030D3776B3095D0B6F08 = {
			isa = PBXGroup;
			children = (
				23468BA13E5F0C8D819D4609,
				7726428EDC941907FC865B24,
				996D83AD64600BCBA1FBC1C9,
				578BDDC9627BC9A02BE7B385,
			);
			name = "Resources";
			path = "Resources";
			sourceTree = "<group>";
		};
		2F1C56298689AB649999CA3F = {
			isa = PBXGroup;
			children = (
				78529101E816EE614611BBC7,
				AEC37CA6708881FE3A47B1DF,
				C05CB55554D1339B8441125D,
				073726ACF7CE54BBA3881C00,
			);
			name = "ShareExtension";
			path = "ShareExtension";
			sourceTree = "<group>";
		};
		93270267C6417E439B4AED04 = {
			isa = PBXGroup;
			children = (
				073CC5FBB52E5462EC8A6EFA,
				3F7FC70FD57E951A9D0C4219,
				782F633D9016F8C323B526E3,
				F3E5B61ACB3D942D0C643D2C,
				CF049B4DA12539E04F69AC78,
				2F1C56298689AB649999CA3F,
				7FBF767C08832F5CF0E1535F,
				40B9030D3776B3095D0B6F08,
			);
			name = "SpendDrop";
			path = "SpendDrop";
			sourceTree = "<group>";
		};
		7FF56120FDE7D75FE4FEA536 = {
			isa = PBXGroup;
			children = (
				F90F5F91183CC3DCB64EDD67,
				BDCA0D2DCB39F3954822C7B6,
			);
			name = "Products";
			sourceTree = "<group>";
		};
		16AAE79BBDC0FFCBBE68A1F2 = {
			isa = PBXGroup;
			children = (
				93270267C6417E439B4AED04,
				7FF56120FDE7D75FE4FEA536,
			);
			sourceTree = "<group>";
		};
/* End PBXGroup section */

/* Begin PBXNativeTarget section */
		EDB313AFA914D38BBC912B6B /* SpendDrop */ = {
			isa = PBXNativeTarget;
			buildConfigurationList = 2772E51C4155F6A175286545 /* Build configuration list for PBXNativeTarget "SpendDrop" */;
			buildPhases = (
				99AC1DAD6892063E3D7E5084 /* Sources */,
				4FADB9A5490C9A67C9B1C9D3 /* Frameworks */,
				17E6524D9F49BA7E669591C4 /* Resources */,
				F5016891FD085E3AA5E83179 /* Embed Foundation Extensions */,
			);
			buildRules = (
			);
			dependencies = (
				D1EBA16FDB428BDE069079C3 /* PBXTargetDependency */,
			);
			name = SpendDrop;
			productName = SpendDrop;
			productReference = F90F5F91183CC3DCB64EDD67 /* SpendDrop.app */;
			productType = "com.apple.product-type.application";
		};
		5F5AF86C079BFD0479C079F0 /* SpendDropShare */ = {
			isa = PBXNativeTarget;
			buildConfigurationList = F08C10861532C0E2E1E90E9F /* Build configuration list for PBXNativeTarget "SpendDropShare" */;
			buildPhases = (
				C086D3BD90B67DE748575A77 /* Sources */,
				BE24D65ED6819A95ED0CB0C9 /* Frameworks */,
				4A5428C4E69B09D5B07739A9 /* Resources */,
			);
			buildRules = (
			);
			dependencies = (
			);
			name = SpendDropShare;
			productName = SpendDropShare;
			productReference = BDCA0D2DCB39F3954822C7B6 /* SpendDropShare.appex */;
			productType = "com.apple.product-type.app-extension";
		};
/* End PBXNativeTarget section */

/* Begin PBXProject section */
		13B17D71E4C3E7CD16ADABA5 /* Project object */ = {
			isa = PBXProject;
			attributes = {
				BuildIndependentTargetsInParallel = 1;
				LastUpgradeCheck = 1600;
				TargetAttributes = {
					EDB313AFA914D38BBC912B6B = {
						CreatedOnToolsVersion = 16.0;
						ProvisioningStyle = Automatic;
					};
					5F5AF86C079BFD0479C079F0 = {
						CreatedOnToolsVersion = 16.0;
						ProvisioningStyle = Automatic;
					};
				};
			};
			buildConfigurationList = 64DB4D2246F37D8ECAF03B43 /* Build configuration list for PBXProject "SpendDrop" */;
			compatibilityVersion = "Xcode 14.0";
			developmentRegion = en;
			hasScannedForEncodings = 0;
			knownRegions = (
				en,
				Base,
			);
			mainGroup = 16AAE79BBDC0FFCBBE68A1F2;
			productRefGroup = 7FF56120FDE7D75FE4FEA536 /* Products */;
			projectDirPath = "";
			projectRoot = "";
			targets = (
				EDB313AFA914D38BBC912B6B /* SpendDrop */,
				5F5AF86C079BFD0479C079F0 /* SpendDropShare */,
			);
		};
/* End PBXProject section */

/* Begin PBXResourcesBuildPhase section */
		17E6524D9F49BA7E669591C4 /* Resources */ = {
			isa = PBXResourcesBuildPhase;
			buildActionMask = 2147483647;
			files = (
				D959E54F32F61BAB5144E82B /* Assets.xcassets in Resources */,
				C098A48AC2D268EED99B6CB0 /* sample_screenshot.png in Resources */,
				15FAEE08D02B15828A3D22FC /* sample_photo.jpg in Resources */,
				3F0E6E201CCFC84DD3314A84 /* sample_camera.heic in Resources */,
			);
			runOnlyForDeploymentPostprocessing = 0;
		};
		4A5428C4E69B09D5B07739A9 /* Resources */ = {
			isa = PBXResourcesBuildPhase;
			buildActionMask = 2147483647;
			files = (
			);
			runOnlyForDeploymentPostprocessing = 0;
		};
/* End PBXResourcesBuildPhase section */

/* Begin PBXSourcesBuildPhase section */
		99AC1DAD6892063E3D7E5084 /* Sources */ = {
			isa = PBXSourcesBuildPhase;
			buildActionMask = 2147483647;
			files = (
				22BDF41A3DB075D22F499F55 /* SpendDropApp.swift in Sources */,
				9CF780B2F77FE43116520463 /* Expense.swift in Sources */,
				6C42E0F36B29A5D9852B1725 /* ExpenseCategory.swift in Sources */,
				5C3748208FEF6E557E21811F /* PaymentSource.swift in Sources */,
				82AD1E8452503FF49C400A59 /* ExpenseSourceType.swift in Sources */,
				10CC5BB0460A464469361E99 /* PayBookContact.swift in Sources */,
				46DBC0F397CC9FDA1E67DB8C /* ExpenseDataContainer.swift in Sources */,
				CF76E2BA6E09C2014E6BB835 /* DuplicateDetector.swift in Sources */,
				8E83F3D92D59FF9E4CDBA232 /* SampleData.swift in Sources */,
				799CE026A521B753A42F80C9 /* CurrencyFormatter.swift in Sources */,
				715D69971333EDD47DF8C840 /* HapticFeedback.swift in Sources */,
				A55B47B50A18F9E08B35CE46 /* OCRService.swift in Sources */,
				1281E0AA270AC37E86E98DFB /* ParsedTransaction.swift in Sources */,
				B3925D9F8035AE4F518C14C4 /* MonetaryCandidate.swift in Sources */,
				4F6C8047DA3CEA5EF812609A /* PaymentProviderDetector.swift in Sources */,
				B79450C7A71B4E9B2340A0BB /* MerchantDetector.swift in Sources */,
				229C3705E0C61F07A72B2404 /* CategoryDetector.swift in Sources */,
				1E145115EA32EB2B161D23CC /* TransactionParser.swift in Sources */,
				1816B4020A301301969231F6 /* ImageStorageService.swift in Sources */,
				A3012818D6ACF06252DF9867 /* ImagePipelineDiagnostics.swift in Sources */,
				A6350D99567863B58ACB080C /* TransactionParserTests.swift in Sources */,
				C32EFE9197204D62D7702877 /* MainTabView.swift in Sources */,
				E4189B9656034198A10758E1 /* DashboardView.swift in Sources */,
				BEB1599411C63B092C9CC218 /* SpendingSummaryCard.swift in Sources */,
				3974FA14A6A60A013AA2091C /* QuickCashButton.swift in Sources */,
				F08FE2C998E0150DB0F6C7DC /* ExpensesView.swift in Sources */,
				5E5E9A62B18EF38CF814599D /* ExpenseDetailView.swift in Sources */,
				D9DF4CFAE967E11C7BC78F41 /* EditExpenseView.swift in Sources */,
				F8649A86B7B2C027D5E6F929 /* ExpenseRowView.swift in Sources */,
				E8DA47D3614B026A10AC3D29 /* PaymentLogoView.swift in Sources */,
				7D69FA05BF345407EC3DAEA1 /* FilterBarView.swift in Sources */,
				2507BAD03781692C063DE8AE /* PayBookView.swift in Sources */,
				8961F696DFAB7D1FEC2B4C83 /* PayBookDetailView.swift in Sources */,
				8188B9686F2B2B1D1182067B /* AddPayBookContactView.swift in Sources */,
				976ADF077AAD0ADDE2A91397 /* EditPayBookContactView.swift in Sources */,
				DB6484227A2BE154B6DDDB31 /* AddExpenseView.swift in Sources */,
				0F0F6E8CFADB99C31789D25D /* ExpenseReviewView.swift in Sources */,
				8774554499BD29753B0C4C99 /* AnalyticsView.swift in Sources */,
				D42FBBAA6397090DB147ABAC /* SettingsView.swift in Sources */,
				3531E449A51427F36207892A /* ParserSelfTestView.swift in Sources */,
			);
			runOnlyForDeploymentPostprocessing = 0;
		};
		C086D3BD90B67DE748575A77 /* Sources */ = {
			isa = PBXSourcesBuildPhase;
			buildActionMask = 2147483647;
			files = (
				E6DFE3663CD88EE84D4B5BCD /* ShareViewController.swift in Sources */,
				97E4728840ECD466340D7351 /* ShareExtensionView.swift in Sources */,
				9BDC8C17009D1867D944D1A1 /* Expense.swift in Sources */,
				E9C92309851EA4225CC3C3D8 /* ExpenseCategory.swift in Sources */,
				371FAD201DDCCE7ED8C94F16 /* PaymentSource.swift in Sources */,
				06A069F9D647AC9F5CA75C6B /* ExpenseSourceType.swift in Sources */,
				8890ADE7D179F3A69D74C830 /* PayBookContact.swift in Sources */,
				73BFC60533C11C57BE3E27A0 /* ExpenseDataContainer.swift in Sources */,
				5AC5B9E911723A15E475A262 /* DuplicateDetector.swift in Sources */,
				CF5D482EA48C9B722350FCE9 /* SampleData.swift in Sources */,
				D835E77DCBB5C6628A1A16FE /* OCRService.swift in Sources */,
				D316D8CAA3BBA50C4BD62752 /* ParsedTransaction.swift in Sources */,
				F014D8EBD787B415AF98B6CC /* MonetaryCandidate.swift in Sources */,
				90544AD21E26EA512833E997 /* PaymentProviderDetector.swift in Sources */,
				3A454E93285C871AE0BA1918 /* MerchantDetector.swift in Sources */,
				626DE956576BEA481759D38F /* CategoryDetector.swift in Sources */,
				3B7DA0A18CDD2AF103A93235 /* TransactionParser.swift in Sources */,
				520FB3F08163507909DBCA6A /* ImageStorageService.swift in Sources */,
				06CD1E41CC606161EA989C84 /* CurrencyFormatter.swift in Sources */,
				369871802E8A446000D904DA /* HapticFeedback.swift in Sources */,
			);
			runOnlyForDeploymentPostprocessing = 0;
		};
/* End PBXSourcesBuildPhase section */

/* Begin PBXTargetDependency section */
		D1EBA16FDB428BDE069079C3 /* PBXTargetDependency */ = {
			isa = PBXTargetDependency;
			target = 5F5AF86C079BFD0479C079F0 /* SpendDropShare */;
			targetProxy = 6A6A5EC8733C7795711CFC01 /* PBXContainerItemProxy */;
		};
/* End PBXTargetDependency section */

/* Begin XCBuildConfiguration section */
		053790A3DFCF13C0265CCD4B /* Debug */ = {
			isa = XCBuildConfiguration;
			buildSettings = {
				ALWAYS_SEARCH_USER_PATHS = NO;
				CLANG_ANALYZER_NONNULL = YES;
				CLANG_CXX_LANGUAGE_STANDARD = "gnu++20";
				CLANG_ENABLE_MODULES = YES;
				CLANG_ENABLE_OBJC_ARC = YES;
				COPY_PHASE_STRIP = NO;
				DEBUG_INFORMATION_FORMAT = dwarf;
				DEVELOPMENT_TEAM = 772ZMVR7WF;
				ENABLE_STRICT_OBJC_MSGSEND = YES;
				ENABLE_TESTABILITY = YES;
				GCC_DYNAMIC_NO_PIC = NO;
				GCC_NO_COMMON_BLOCKS = YES;
				GCC_OPTIMIZATION_LEVEL = 0;
				GCC_PREPROCESSOR_DEFINITIONS = (
					"DEBUG=1",
					"$(inherited)",
				);
				GCC_WARN_64_TO_32_BIT_CONVERSION = YES;
				GCC_WARN_ABOUT_RETURN_TYPE = YES_ERROR;
				GCC_WARN_UNDEFINED_VARIABLES = YES;
				GCC_WARN_UNUSED_FUNCTION = YES;
				GCC_WARN_UNUSED_VARIABLE = YES;
				IPHONEOS_DEPLOYMENT_TARGET = 17.0;
				MTL_ENABLE_DEBUG_INFO = INCLUDE_SOURCE;
				MTL_FAST_MATH = YES;
				ONLY_ACTIVE_ARCH = YES;
				SDKROOT = iphoneos;
				SWIFT_ACTIVE_COMPILATION_CONDITIONS = "DEBUG $(inherited)";
				SWIFT_OPTIMIZATION_LEVEL = "-Onone";
			};
			name = Debug;
		};
		25C4E0B9C6A54DD09A377300 /* Release */ = {
			isa = XCBuildConfiguration;
			buildSettings = {
				ALWAYS_SEARCH_USER_PATHS = NO;
				CLANG_ANALYZER_NONNULL = YES;
				CLANG_CXX_LANGUAGE_STANDARD = "gnu++20";
				CLANG_ENABLE_MODULES = YES;
				CLANG_ENABLE_OBJC_ARC = YES;
				COPY_PHASE_STRIP = NO;
				DEBUG_INFORMATION_FORMAT = "dwarf-with-dsym";
				DEVELOPMENT_TEAM = 772ZMVR7WF;
				ENABLE_NS_ASSERTIONS = NO;
				ENABLE_STRICT_OBJC_MSGSEND = YES;
				GCC_NO_COMMON_BLOCKS = YES;
				GCC_WARN_64_TO_32_BIT_CONVERSION = YES;
				GCC_WARN_ABOUT_RETURN_TYPE = YES_ERROR;
				GCC_WARN_UNDEFINED_VARIABLES = YES;
				GCC_WARN_UNUSED_FUNCTION = YES;
				GCC_WARN_UNUSED_VARIABLE = YES;
				IPHONEOS_DEPLOYMENT_TARGET = 17.0;
				MTL_ENABLE_DEBUG_INFO = NO;
				MTL_FAST_MATH = YES;
				SDKROOT = iphoneos;
				SWIFT_COMPILATION_MODE = "wholemodule";
				VALIDATE_PRODUCT = YES;
			};
			name = Release;
		};
		C332AA099155099B7F602039 /* Debug */ = {
			isa = XCBuildConfiguration;
			buildSettings = {
				ASSETCATALOG_COMPILER_APPICON_NAME = AppIcon;
				ASSETCATALOG_COMPILER_GLOBAL_ACCENT_COLOR_NAME = AccentColor;
				CODE_SIGN_ENTITLEMENTS = "SpendDrop/Resources/SpendDrop.entitlements";
				CODE_SIGN_STYLE = Automatic;
				CURRENT_PROJECT_VERSION = 1;
				DEVELOPMENT_ASSET_PATHS = "";
				DEVELOPMENT_TEAM = 772ZMVR7WF;
				ENABLE_PREVIEWS = YES;
				GENERATE_INFOPLIST_FILE = NO;
				INFOPLIST_FILE = "SpendDrop/Resources/Info.plist";
				IPHONEOS_DEPLOYMENT_TARGET = 17.0;
				LD_RUNPATH_SEARCH_PATHS = (
					"$(inherited)",
					"@executable_path/Frameworks",
				);
				MARKETING_VERSION = 1.3.0;
				PRODUCT_BUNDLE_IDENTIFIER = com.spenddrop.SpendDrop;
				PRODUCT_NAME = "$(TARGET_NAME)";
				SWIFT_EMIT_LOC_STRINGS = YES;
				SWIFT_VERSION = 5.0;
				TARGETED_DEVICE_FAMILY = "1";
			};
			name = Debug;
		};
		04366468B8B1B51D5011A644 /* Release */ = {
			isa = XCBuildConfiguration;
			buildSettings = {
				ASSETCATALOG_COMPILER_APPICON_NAME = AppIcon;
				ASSETCATALOG_COMPILER_GLOBAL_ACCENT_COLOR_NAME = AccentColor;
				CODE_SIGN_ENTITLEMENTS = "SpendDrop/Resources/SpendDrop.entitlements";
				CODE_SIGN_STYLE = Automatic;
				CURRENT_PROJECT_VERSION = 1;
				DEVELOPMENT_ASSET_PATHS = "";
				DEVELOPMENT_TEAM = 772ZMVR7WF;
				ENABLE_PREVIEWS = YES;
				GENERATE_INFOPLIST_FILE = NO;
				INFOPLIST_FILE = "SpendDrop/Resources/Info.plist";
				IPHONEOS_DEPLOYMENT_TARGET = 17.0;
				LD_RUNPATH_SEARCH_PATHS = (
					"$(inherited)",
					"@executable_path/Frameworks",
				);
				MARKETING_VERSION = 1.3.0;
				PRODUCT_BUNDLE_IDENTIFIER = com.spenddrop.SpendDrop;
				PRODUCT_NAME = "$(TARGET_NAME)";
				SWIFT_EMIT_LOC_STRINGS = YES;
				SWIFT_VERSION = 5.0;
				TARGETED_DEVICE_FAMILY = "1";
			};
			name = Release;
		};
		1DAF2661E087AEA12164DA1D /* Debug */ = {
			isa = XCBuildConfiguration;
			buildSettings = {
				CODE_SIGN_ENTITLEMENTS = "SpendDrop/ShareExtension/ShareExtension.entitlements";
				CODE_SIGN_STYLE = Automatic;
				CURRENT_PROJECT_VERSION = 1;
				DEVELOPMENT_TEAM = 772ZMVR7WF;
				GENERATE_INFOPLIST_FILE = NO;
				INFOPLIST_FILE = "SpendDrop/ShareExtension/Info.plist";
				IPHONEOS_DEPLOYMENT_TARGET = 17.0;
				LD_RUNPATH_SEARCH_PATHS = (
					"$(inherited)",
					"@executable_path/Frameworks",
					"@executable_path/../../Frameworks",
				);
				MARKETING_VERSION = 1.3.0;
				PRODUCT_BUNDLE_IDENTIFIER = com.spenddrop.SpendDrop.ShareExtension;
				PRODUCT_NAME = "$(TARGET_NAME)";
				SKIP_INSTALL = YES;
				SWIFT_EMIT_LOC_STRINGS = YES;
				SWIFT_VERSION = 5.0;
				TARGETED_DEVICE_FAMILY = "1";
			};
			name = Debug;
		};
		675B0AE686B50A029001CD09 /* Release */ = {
			isa = XCBuildConfiguration;
			buildSettings = {
				CODE_SIGN_ENTITLEMENTS = "SpendDrop/ShareExtension/ShareExtension.entitlements";
				CODE_SIGN_STYLE = Automatic;
				CURRENT_PROJECT_VERSION = 1;
				DEVELOPMENT_TEAM = 772ZMVR7WF;
				GENERATE_INFOPLIST_FILE = NO;
				INFOPLIST_FILE = "SpendDrop/ShareExtension/Info.plist";
				IPHONEOS_DEPLOYMENT_TARGET = 17.0;
				LD_RUNPATH_SEARCH_PATHS = (
					"$(inherited)",
					"@executable_path/Frameworks",
					"@executable_path/../../Frameworks",
				);
				MARKETING_VERSION = 1.3.0;
				PRODUCT_BUNDLE_IDENTIFIER = com.spenddrop.SpendDrop.ShareExtension;
				PRODUCT_NAME = "$(TARGET_NAME)";
				SKIP_INSTALL = YES;
				SWIFT_EMIT_LOC_STRINGS = YES;
				SWIFT_VERSION = 5.0;
				TARGETED_DEVICE_FAMILY = "1";
			};
			name = Release;
		};
/* End XCBuildConfiguration section */

/* Begin XCConfigurationList section */
		64DB4D2246F37D8ECAF03B43 /* Build configuration list for PBXProject "SpendDrop" */ = {
			isa = XCConfigurationList;
			buildConfigurations = (
				053790A3DFCF13C0265CCD4B /* Debug */,
				25C4E0B9C6A54DD09A377300 /* Release */,
			);
			defaultConfigurationIsVisible = 0;
			defaultConfigurationName = Release;
		};
		2772E51C4155F6A175286545 /* Build configuration list for PBXNativeTarget "SpendDrop" */ = {
			isa = XCConfigurationList;
			buildConfigurations = (
				C332AA099155099B7F602039 /* Debug */,
				04366468B8B1B51D5011A644 /* Release */,
			);
			defaultConfigurationIsVisible = 0;
			defaultConfigurationName = Release;
		};
		F08C10861532C0E2E1E90E9F /* Build configuration list for PBXNativeTarget "SpendDropShare" */ = {
			isa = XCConfigurationList;
			buildConfigurations = (
				1DAF2661E087AEA12164DA1D /* Debug */,
				675B0AE686B50A029001CD09 /* Release */,
			);
			defaultConfigurationIsVisible = 0;
			defaultConfigurationName = Release;
		};
/* End XCConfigurationList section */
	};
	rootObject = 13B17D71E4C3E7CD16ADABA5 /* Project object */;
}
